
Microsoft Visual Studio Solution File, Format Version 11.00
# Visual Studio 2010
Project("{FAE04EC0-301F-11D3-BF4B-00C04F79EFBC}") = "Unity.Extensions", "Unity.Extensions\Unity.Extensions.csproj", "{1B510C49-826B-4600-AB39-3AE09735CB14}"
EndProject
Project("{FAE04EC0-301F-11D3-BF4B-00C04F79EFBC}") = "Unity.Extensions.Tests", "Unity.Extensions.Tests\Unity.Extensions.Tests.csproj", "{662A2632-3120-4E93-932A-73FEBE99430D}"
EndProject
Global
	GlobalSection(SolutionConfigurationPlatforms) = preSolution
		Debug|Any CPU = Debug|Any CPU
		Release|Any CPU = Release|Any CPU
	EndGlobalSection
	GlobalSection(ProjectConfigurationPlatforms) = postSolution
		{1B510C49-826B-4600-AB39-3AE09735CB14}.Debug|Any CPU.ActiveCfg = Debug|Any CPU
		{1B510C49-826B-4600-AB39-3AE09735CB14}.Debug|Any CPU.Build.0 = Debug|Any CPU
		{1B510C49-826B-4600-AB39-3AE09735CB14}.Release|Any CPU.ActiveCfg = Release|Any CPU
		{1B510C49-826B-4600-AB39-3AE09735CB14}.Release|Any CPU.Build.0 = Release|Any CPU
		{662A2632-3120-4E93-932A-73FEBE99430D}.Debug|Any CPU.ActiveCfg = Debug|Any CPU
		{662A2632-3120-4E93-932A-73FEBE99430D}.Debug|Any CPU.Build.0 = Debug|Any CPU
		{662A2632-3120-4E93-932A-73FEBE99430D}.Release|Any CPU.ActiveCfg = Release|Any CPU
		{662A2632-3120-4E93-932A-73FEBE99430D}.Release|Any CPU.Build.0 = Release|Any CPU
	EndGlobalSection
	GlobalSection(SolutionProperties) = preSolution
		HideSolutionNode = FALSE
	EndGlobalSection
EndGlobal
