
Microsoft Visual Studio Solution File, Format Version 12.00
# Visual Studio 15
VisualStudioVersion = 15.0.26730.15
MinimumVisualStudioVersion = 10.0.40219.1
Project("{FAE04EC0-301F-11D3-BF4B-00C04F79EFBC}") = "DemoWebApp", "DemoWebApp\DemoWebApp.csproj", "{D2727E3C-FBA0-413A-9580-21F8F3C9A462}"
EndProject
Global
	GlobalSection(SolutionConfigurationPlatforms) = preSolution
		Debug|Any CPU = Debug|Any CPU
		Release|Any CPU = Release|Any CPU
	EndGlobalSection
	GlobalSection(ProjectConfigurationPlatforms) = postSolution
		{D2727E3C-FBA0-413A-9580-21F8F3C9A462}.Debug|Any CPU.ActiveCfg = Debug|Any CPU
		{D2727E3C-FBA0-413A-9580-21F8F3C9A462}.Debug|Any CPU.Build.0 = Debug|Any CPU
		{D2727E3C-FBA0-413A-9580-21F8F3C9A462}.Release|Any CPU.ActiveCfg = Release|Any CPU
		{D2727E3C-FBA0-413A-9580-21F8F3C9A462}.Release|Any CPU.Build.0 = Release|Any CPU
	EndGlobalSection
	GlobalSection(SolutionProperties) = preSolution
		HideSolutionNode = FALSE
	EndGlobalSection
	GlobalSection(ExtensibilityGlobals) = postSolution
		SolutionGuid = {4D57526B-931A-4DF5-8744-31919AC4ECF2}
	EndGlobalSection
EndGlobal
