
Microsoft Visual Studio Solution File, Format Version 10.00
# Visual Studio 2008
Project("{2150E333-8FDC-42A3-9474-1A3956D46DE8}") = "Demo2", "Demo2", "{F88FD25A-8472-43E6-81C2-24C3A27346C1}"
EndProject
Project("{2150E333-8FDC-42A3-9474-1A3956D46DE8}") = "Demo3", "Demo3", "{41CB20E4-BB7F-48D4-8547-B6E9873B9077}"
EndProject
Project("{2150E333-8FDC-42A3-9474-1A3956D46DE8}") = "Demo1", "Demo1", "{9DAA5D0D-250E-4719-B201-9618A6579B4E}"
EndProject
Project("{FAE04EC0-301F-11D3-BF4B-00C04F79EFBC}") = "ManagedApp2", "ManagedApp2\ManagedApp2.csproj", "{EDF94D7E-5B60-4D5B-BAEC-C41B277B6C05}"
EndProject
Project("{8BC9CEB8-8B4A-11D0-8D11-00A0C91BC942}") = "DemoHost2", "DemoHost2\Host.vcproj", "{A0E352F9-4557-443A-A46F-C4F64D396D7A}"
EndProject
Project("{8BC9CEB8-8B4A-11D0-8D11-00A0C91BC942}") = "DemoHost1", "DemoHost1\Host.vcproj", "{16FDFE2B-2A67-4025-BE96-3B194AE39EE7}"
EndProject
Project("{FAE04EC0-301F-11D3-BF4B-00C04F79EFBC}") = "ManagedApp1", "ManagedApp1\ManagedApp1.csproj", "{653BF4B2-CC3B-43B3-B66C-BC42E2B85DB6}"
EndProject
Project("{FAE04EC0-301F-11D3-BF4B-00C04F79EFBC}") = "Shim", "Shim\Shim.csproj", "{037765CA-9F73-4785-B659-9018D19E7317}"
EndProject
Project("{8BC9CEB8-8B4A-11D0-8D11-00A0C91BC942}") = "DemoHost3", "DemoHost3\Host.vcproj", "{0F951E3E-4CF9-49C3-9E20-A13599752168}"
EndProject
Global
	GlobalSection(SolutionConfigurationPlatforms) = preSolution
		Debug|Any CPU = Debug|Any CPU
		Debug|Mixed Platforms = Debug|Mixed Platforms
		Debug|Win32 = Debug|Win32
		Release|Any CPU = Release|Any CPU
		Release|Mixed Platforms = Release|Mixed Platforms
		Release|Win32 = Release|Win32
	EndGlobalSection
	GlobalSection(ProjectConfigurationPlatforms) = postSolution
		{EDF94D7E-5B60-4D5B-BAEC-C41B277B6C05}.Debug|Any CPU.ActiveCfg = Debug|Any CPU
		{EDF94D7E-5B60-4D5B-BAEC-C41B277B6C05}.Debug|Any CPU.Build.0 = Debug|Any CPU
		{EDF94D7E-5B60-4D5B-BAEC-C41B277B6C05}.Debug|Mixed Platforms.ActiveCfg = Debug|Any CPU
		{EDF94D7E-5B60-4D5B-BAEC-C41B277B6C05}.Debug|Mixed Platforms.Build.0 = Debug|Any CPU
		{EDF94D7E-5B60-4D5B-BAEC-C41B277B6C05}.Debug|Win32.ActiveCfg = Debug|Any CPU
		{EDF94D7E-5B60-4D5B-BAEC-C41B277B6C05}.Release|Any CPU.ActiveCfg = Release|Any CPU
		{EDF94D7E-5B60-4D5B-BAEC-C41B277B6C05}.Release|Any CPU.Build.0 = Release|Any CPU
		{EDF94D7E-5B60-4D5B-BAEC-C41B277B6C05}.Release|Mixed Platforms.ActiveCfg = Release|Any CPU
		{EDF94D7E-5B60-4D5B-BAEC-C41B277B6C05}.Release|Mixed Platforms.Build.0 = Release|Any CPU
		{EDF94D7E-5B60-4D5B-BAEC-C41B277B6C05}.Release|Win32.ActiveCfg = Release|Any CPU
		{A0E352F9-4557-443A-A46F-C4F64D396D7A}.Debug|Any CPU.ActiveCfg = Debug|Win32
		{A0E352F9-4557-443A-A46F-C4F64D396D7A}.Debug|Mixed Platforms.ActiveCfg = Debug|Win32
		{A0E352F9-4557-443A-A46F-C4F64D396D7A}.Debug|Mixed Platforms.Build.0 = Debug|Win32
		{A0E352F9-4557-443A-A46F-C4F64D396D7A}.Debug|Win32.ActiveCfg = Debug|Win32
		{A0E352F9-4557-443A-A46F-C4F64D396D7A}.Debug|Win32.Build.0 = Debug|Win32
		{A0E352F9-4557-443A-A46F-C4F64D396D7A}.Release|Any CPU.ActiveCfg = Release|Win32
		{A0E352F9-4557-443A-A46F-C4F64D396D7A}.Release|Mixed Platforms.ActiveCfg = Release|Win32
		{A0E352F9-4557-443A-A46F-C4F64D396D7A}.Release|Mixed Platforms.Build.0 = Release|Win32
		{A0E352F9-4557-443A-A46F-C4F64D396D7A}.Release|Win32.ActiveCfg = Release|Win32
		{A0E352F9-4557-443A-A46F-C4F64D396D7A}.Release|Win32.Build.0 = Release|Win32
		{16FDFE2B-2A67-4025-BE96-3B194AE39EE7}.Debug|Any CPU.ActiveCfg = Debug|Win32
		{16FDFE2B-2A67-4025-BE96-3B194AE39EE7}.Debug|Mixed Platforms.ActiveCfg = Debug|Win32
		{16FDFE2B-2A67-4025-BE96-3B194AE39EE7}.Debug|Mixed Platforms.Build.0 = Debug|Win32
		{16FDFE2B-2A67-4025-BE96-3B194AE39EE7}.Debug|Win32.ActiveCfg = Debug|Win32
		{16FDFE2B-2A67-4025-BE96-3B194AE39EE7}.Debug|Win32.Build.0 = Debug|Win32
		{16FDFE2B-2A67-4025-BE96-3B194AE39EE7}.Release|Any CPU.ActiveCfg = Release|Win32
		{16FDFE2B-2A67-4025-BE96-3B194AE39EE7}.Release|Mixed Platforms.ActiveCfg = Release|Win32
		{16FDFE2B-2A67-4025-BE96-3B194AE39EE7}.Release|Mixed Platforms.Build.0 = Release|Win32
		{16FDFE2B-2A67-4025-BE96-3B194AE39EE7}.Release|Win32.ActiveCfg = Release|Win32
		{16FDFE2B-2A67-4025-BE96-3B194AE39EE7}.Release|Win32.Build.0 = Release|Win32
		{653BF4B2-CC3B-43B3-B66C-BC42E2B85DB6}.Debug|Any CPU.ActiveCfg = Debug|Any CPU
		{653BF4B2-CC3B-43B3-B66C-BC42E2B85DB6}.Debug|Any CPU.Build.0 = Debug|Any CPU
		{653BF4B2-CC3B-43B3-B66C-BC42E2B85DB6}.Debug|Mixed Platforms.ActiveCfg = Debug|Any CPU
		{653BF4B2-CC3B-43B3-B66C-BC42E2B85DB6}.Debug|Mixed Platforms.Build.0 = Debug|Any CPU
		{653BF4B2-CC3B-43B3-B66C-BC42E2B85DB6}.Debug|Win32.ActiveCfg = Debug|Any CPU
		{653BF4B2-CC3B-43B3-B66C-BC42E2B85DB6}.Release|Any CPU.ActiveCfg = Release|Any CPU
		{653BF4B2-CC3B-43B3-B66C-BC42E2B85DB6}.Release|Any CPU.Build.0 = Release|Any CPU
		{653BF4B2-CC3B-43B3-B66C-BC42E2B85DB6}.Release|Mixed Platforms.ActiveCfg = Release|Any CPU
		{653BF4B2-CC3B-43B3-B66C-BC42E2B85DB6}.Release|Mixed Platforms.Build.0 = Release|Any CPU
		{653BF4B2-CC3B-43B3-B66C-BC42E2B85DB6}.Release|Win32.ActiveCfg = Release|Any CPU
		{037765CA-9F73-4785-B659-9018D19E7317}.Debug|Any CPU.ActiveCfg = Debug|Any CPU
		{037765CA-9F73-4785-B659-9018D19E7317}.Debug|Any CPU.Build.0 = Debug|Any CPU
		{037765CA-9F73-4785-B659-9018D19E7317}.Debug|Mixed Platforms.ActiveCfg = Debug|Any CPU
		{037765CA-9F73-4785-B659-9018D19E7317}.Debug|Mixed Platforms.Build.0 = Debug|Any CPU
		{037765CA-9F73-4785-B659-9018D19E7317}.Debug|Win32.ActiveCfg = Debug|Any CPU
		{037765CA-9F73-4785-B659-9018D19E7317}.Release|Any CPU.ActiveCfg = Release|Any CPU
		{037765CA-9F73-4785-B659-9018D19E7317}.Release|Any CPU.Build.0 = Release|Any CPU
		{037765CA-9F73-4785-B659-9018D19E7317}.Release|Mixed Platforms.ActiveCfg = Release|Any CPU
		{037765CA-9F73-4785-B659-9018D19E7317}.Release|Mixed Platforms.Build.0 = Release|Any CPU
		{037765CA-9F73-4785-B659-9018D19E7317}.Release|Win32.ActiveCfg = Release|Any CPU
		{0F951E3E-4CF9-49C3-9E20-A13599752168}.Debug|Any CPU.ActiveCfg = Debug|Win32
		{0F951E3E-4CF9-49C3-9E20-A13599752168}.Debug|Mixed Platforms.ActiveCfg = Debug|Win32
		{0F951E3E-4CF9-49C3-9E20-A13599752168}.Debug|Mixed Platforms.Build.0 = Debug|Win32
		{0F951E3E-4CF9-49C3-9E20-A13599752168}.Debug|Win32.ActiveCfg = Debug|Win32
		{0F951E3E-4CF9-49C3-9E20-A13599752168}.Debug|Win32.Build.0 = Debug|Win32
		{0F951E3E-4CF9-49C3-9E20-A13599752168}.Release|Any CPU.ActiveCfg = Release|Win32
		{0F951E3E-4CF9-49C3-9E20-A13599752168}.Release|Mixed Platforms.ActiveCfg = Release|Win32
		{0F951E3E-4CF9-49C3-9E20-A13599752168}.Release|Mixed Platforms.Build.0 = Release|Win32
		{0F951E3E-4CF9-49C3-9E20-A13599752168}.Release|Win32.ActiveCfg = Release|Win32
		{0F951E3E-4CF9-49C3-9E20-A13599752168}.Release|Win32.Build.0 = Release|Win32
	EndGlobalSection
	GlobalSection(SolutionProperties) = preSolution
		HideSolutionNode = FALSE
	EndGlobalSection
	GlobalSection(NestedProjects) = preSolution
		{EDF94D7E-5B60-4D5B-BAEC-C41B277B6C05} = {F88FD25A-8472-43E6-81C2-24C3A27346C1}
		{A0E352F9-4557-443A-A46F-C4F64D396D7A} = {F88FD25A-8472-43E6-81C2-24C3A27346C1}
		{037765CA-9F73-4785-B659-9018D19E7317} = {41CB20E4-BB7F-48D4-8547-B6E9873B9077}
		{0F951E3E-4CF9-49C3-9E20-A13599752168} = {41CB20E4-BB7F-48D4-8547-B6E9873B9077}
		{16FDFE2B-2A67-4025-BE96-3B194AE39EE7} = {9DAA5D0D-250E-4719-B201-9618A6579B4E}
		{653BF4B2-CC3B-43B3-B66C-BC42E2B85DB6} = {9DAA5D0D-250E-4719-B201-9618A6579B4E}
	EndGlobalSection
EndGlobal
