
Microsoft Visual Studio Solution File, Format Version 11.00
# Visual Studio 2010
Project("{FAE04EC0-301F-11D3-BF4B-00C04F79EFBC}") = "Contoso.Extensible.Dashboard.Widgets", "Contoso.Extensible.Dashboard.Widgets\Contoso.Extensible.Dashboard.Widgets.csproj", "{94D984F4-B21A-4667-9658-9E31DA378D79}"
EndProject
Project("{FAE04EC0-301F-11D3-BF4B-00C04F79EFBC}") = "Extensible.Dashboard", "Extensible.Dashboard\Extensible.Dashboard.csproj", "{B9BD9EC6-FAB8-4A91-BE4A-1823407480BE}"
EndProject
Project("{FAE04EC0-301F-11D3-BF4B-00C04F79EFBC}") = "Extensible.Dashboard.Contracts", "Extensible.Dashboard.Contracts\Extensible.Dashboard.Contracts.csproj", "{47830C0C-56F5-4334-95AC-4E2C595D1B77}"
EndProject
Project("{FAE04EC0-301F-11D3-BF4B-00C04F79EFBC}") = "Extensible.Dashboard.Widgets", "Extensible.Dashboard.Widgets\Extensible.Dashboard.Widgets.csproj", "{FB8803D9-C9B2-4969-962E-79257E697E2C}"
EndProject
Global
	GlobalSection(SolutionConfigurationPlatforms) = preSolution
		Debug|Any CPU = Debug|Any CPU
		Release|Any CPU = Release|Any CPU
	EndGlobalSection
	GlobalSection(ProjectConfigurationPlatforms) = postSolution
		{94D984F4-B21A-4667-9658-9E31DA378D79}.Debug|Any CPU.ActiveCfg = Debug|Any CPU
		{94D984F4-B21A-4667-9658-9E31DA378D79}.Debug|Any CPU.Build.0 = Debug|Any CPU
		{94D984F4-B21A-4667-9658-9E31DA378D79}.Release|Any CPU.ActiveCfg = Release|Any CPU
		{94D984F4-B21A-4667-9658-9E31DA378D79}.Release|Any CPU.Build.0 = Release|Any CPU
		{B9BD9EC6-FAB8-4A91-BE4A-1823407480BE}.Debug|Any CPU.ActiveCfg = Debug|Any CPU
		{B9BD9EC6-FAB8-4A91-BE4A-1823407480BE}.Debug|Any CPU.Build.0 = Debug|Any CPU
		{B9BD9EC6-FAB8-4A91-BE4A-1823407480BE}.Release|Any CPU.ActiveCfg = Release|Any CPU
		{B9BD9EC6-FAB8-4A91-BE4A-1823407480BE}.Release|Any CPU.Build.0 = Release|Any CPU
		{47830C0C-56F5-4334-95AC-4E2C595D1B77}.Debug|Any CPU.ActiveCfg = Debug|Any CPU
		{47830C0C-56F5-4334-95AC-4E2C595D1B77}.Debug|Any CPU.Build.0 = Debug|Any CPU
		{47830C0C-56F5-4334-95AC-4E2C595D1B77}.Release|Any CPU.ActiveCfg = Release|Any CPU
		{47830C0C-56F5-4334-95AC-4E2C595D1B77}.Release|Any CPU.Build.0 = Release|Any CPU
		{FB8803D9-C9B2-4969-962E-79257E697E2C}.Debug|Any CPU.ActiveCfg = Debug|Any CPU
		{FB8803D9-C9B2-4969-962E-79257E697E2C}.Debug|Any CPU.Build.0 = Debug|Any CPU
		{FB8803D9-C9B2-4969-962E-79257E697E2C}.Release|Any CPU.ActiveCfg = Release|Any CPU
		{FB8803D9-C9B2-4969-962E-79257E697E2C}.Release|Any CPU.Build.0 = Release|Any CPU
	EndGlobalSection
	GlobalSection(SolutionProperties) = preSolution
		HideSolutionNode = FALSE
	EndGlobalSection
EndGlobal
