
Microsoft Visual Studio Solution File, Format Version 10.00
# Visual Studio 2008
Project("{FAE04EC0-301F-11D3-BF4B-00C04F79EFBC}") = "LocalizationDemo", "LocalizationDemo\LocalizationDemo.csproj", "{335B29E7-6FF7-40EA-95D5-5145C51BE53A}"
EndProject
Project("{FAE04EC0-301F-11D3-BF4B-00C04F79EFBC}") = "ClassLibrary1", "ClassLibrary1\ClassLibrary1.csproj", "{31A56BE0-342C-41A9-B486-00D46F03473B}"
EndProject
Project("{FAE04EC0-301F-11D3-BF4B-00C04F79EFBC}") = "WpfApplication1", "WpfApplication1\WpfApplication1.csproj", "{4FEB3E4B-150E-469B-BA7C-A6485ABB2985}"
EndProject
Global
	GlobalSection(SolutionConfigurationPlatforms) = preSolution
		Debug|Any CPU = Debug|Any CPU
		Release|Any CPU = Release|Any CPU
	EndGlobalSection
	GlobalSection(ProjectConfigurationPlatforms) = postSolution
		{335B29E7-6FF7-40EA-95D5-5145C51BE53A}.Debug|Any CPU.ActiveCfg = Debug|Any CPU
		{335B29E7-6FF7-40EA-95D5-5145C51BE53A}.Debug|Any CPU.Build.0 = Debug|Any CPU
		{335B29E7-6FF7-40EA-95D5-5145C51BE53A}.Release|Any CPU.ActiveCfg = Release|Any CPU
		{335B29E7-6FF7-40EA-95D5-5145C51BE53A}.Release|Any CPU.Build.0 = Release|Any CPU
		{31A56BE0-342C-41A9-B486-00D46F03473B}.Debug|Any CPU.ActiveCfg = Debug|Any CPU
		{31A56BE0-342C-41A9-B486-00D46F03473B}.Debug|Any CPU.Build.0 = Debug|Any CPU
		{31A56BE0-342C-41A9-B486-00D46F03473B}.Release|Any CPU.ActiveCfg = Release|Any CPU
		{31A56BE0-342C-41A9-B486-00D46F03473B}.Release|Any CPU.Build.0 = Release|Any CPU
		{4FEB3E4B-150E-469B-BA7C-A6485ABB2985}.Debug|Any CPU.ActiveCfg = Debug|Any CPU
		{4FEB3E4B-150E-469B-BA7C-A6485ABB2985}.Debug|Any CPU.Build.0 = Debug|Any CPU
		{4FEB3E4B-150E-469B-BA7C-A6485ABB2985}.Release|Any CPU.ActiveCfg = Release|Any CPU
		{4FEB3E4B-150E-469B-BA7C-A6485ABB2985}.Release|Any CPU.Build.0 = Release|Any CPU
	EndGlobalSection
	GlobalSection(SolutionProperties) = preSolution
		HideSolutionNode = FALSE
	EndGlobalSection
EndGlobal
