
Microsoft Visual Studio Solution File, Format Version 10.00
# Visual Studio 2008
Project("{FAE04EC0-301F-11D3-BF4B-00C04F79EFBC}") = "AddInHost", "AddInHost\AddInHost.csproj", "{280C3A06-080B-469B-98BC-9AED10A824D6}"
EndProject
Project("{FAE04EC0-301F-11D3-BF4B-00C04F79EFBC}") = "Plugins", "Plugins\Plugins.csproj", "{BEDB7704-ACA9-418A-954D-FDC9E2706D2B}"
EndProject
Project("{2150E333-8FDC-42A3-9474-1A3956D46DE8}") = "SDK", "SDK", "{FA1DCAFB-56BE-4108-B7D1-9CDB285B92CD}"
EndProject
Project("{FAE04EC0-301F-11D3-BF4B-00C04F79EFBC}") = "Plugins.Sdk.Contracts", "Plugins.Sdk.Contracts\Plugins.Sdk.Contracts.csproj", "{34539B99-0CED-41BD-9E25-131EB3566723}"
EndProject
Project("{FAE04EC0-301F-11D3-BF4B-00C04F79EFBC}") = "Plugins.Sdk.Views", "Plugins.Sdk.Views\Plugins.Sdk.Views.csproj", "{C7C900B3-6E23-4D35-B0FB-B9DF46D5BA69}"
EndProject
Project("{FAE04EC0-301F-11D3-BF4B-00C04F79EFBC}") = "Plugins.Sdk.HostAdapters", "Plugins.Sdk.HostAdapters\Plugins.Sdk.HostAdapters.csproj", "{CC9E5C48-5D86-4402-B225-81550387CD8D}"
EndProject
Project("{FAE04EC0-301F-11D3-BF4B-00C04F79EFBC}") = "Plugins.Sdk.AddInAdapters", "Plugins.Sdk.AddInAdapters\Plugins.Sdk.AddInAdapters.csproj", "{4F6A9E69-7F5E-4E8F-8A45-25E1B69AD4B2}"
EndProject
Project("{FAE04EC0-301F-11D3-BF4B-00C04F79EFBC}") = "WpfHost", "WpfHost\WpfHost.csproj", "{2EE00186-524D-4E81-A105-E424819C1680}"
EndProject
Global
	GlobalSection(SolutionConfigurationPlatforms) = preSolution
		Debug|Any CPU = Debug|Any CPU
		Release|Any CPU = Release|Any CPU
	EndGlobalSection
	GlobalSection(ProjectConfigurationPlatforms) = postSolution
		{280C3A06-080B-469B-98BC-9AED10A824D6}.Debug|Any CPU.ActiveCfg = Debug|Any CPU
		{280C3A06-080B-469B-98BC-9AED10A824D6}.Debug|Any CPU.Build.0 = Debug|Any CPU
		{280C3A06-080B-469B-98BC-9AED10A824D6}.Release|Any CPU.ActiveCfg = Release|Any CPU
		{280C3A06-080B-469B-98BC-9AED10A824D6}.Release|Any CPU.Build.0 = Release|Any CPU
		{BEDB7704-ACA9-418A-954D-FDC9E2706D2B}.Debug|Any CPU.ActiveCfg = Debug|Any CPU
		{BEDB7704-ACA9-418A-954D-FDC9E2706D2B}.Debug|Any CPU.Build.0 = Debug|Any CPU
		{BEDB7704-ACA9-418A-954D-FDC9E2706D2B}.Release|Any CPU.ActiveCfg = Release|Any CPU
		{BEDB7704-ACA9-418A-954D-FDC9E2706D2B}.Release|Any CPU.Build.0 = Release|Any CPU
		{34539B99-0CED-41BD-9E25-131EB3566723}.Debug|Any CPU.ActiveCfg = Debug|Any CPU
		{34539B99-0CED-41BD-9E25-131EB3566723}.Debug|Any CPU.Build.0 = Debug|Any CPU
		{34539B99-0CED-41BD-9E25-131EB3566723}.Release|Any CPU.ActiveCfg = Release|Any CPU
		{34539B99-0CED-41BD-9E25-131EB3566723}.Release|Any CPU.Build.0 = Release|Any CPU
		{C7C900B3-6E23-4D35-B0FB-B9DF46D5BA69}.Debug|Any CPU.ActiveCfg = Debug|Any CPU
		{C7C900B3-6E23-4D35-B0FB-B9DF46D5BA69}.Debug|Any CPU.Build.0 = Debug|Any CPU
		{C7C900B3-6E23-4D35-B0FB-B9DF46D5BA69}.Release|Any CPU.ActiveCfg = Release|Any CPU
		{C7C900B3-6E23-4D35-B0FB-B9DF46D5BA69}.Release|Any CPU.Build.0 = Release|Any CPU
		{CC9E5C48-5D86-4402-B225-81550387CD8D}.Debug|Any CPU.ActiveCfg = Debug|Any CPU
		{CC9E5C48-5D86-4402-B225-81550387CD8D}.Debug|Any CPU.Build.0 = Debug|Any CPU
		{CC9E5C48-5D86-4402-B225-81550387CD8D}.Release|Any CPU.ActiveCfg = Release|Any CPU
		{CC9E5C48-5D86-4402-B225-81550387CD8D}.Release|Any CPU.Build.0 = Release|Any CPU
		{4F6A9E69-7F5E-4E8F-8A45-25E1B69AD4B2}.Debug|Any CPU.ActiveCfg = Debug|Any CPU
		{4F6A9E69-7F5E-4E8F-8A45-25E1B69AD4B2}.Debug|Any CPU.Build.0 = Debug|Any CPU
		{4F6A9E69-7F5E-4E8F-8A45-25E1B69AD4B2}.Release|Any CPU.ActiveCfg = Release|Any CPU
		{4F6A9E69-7F5E-4E8F-8A45-25E1B69AD4B2}.Release|Any CPU.Build.0 = Release|Any CPU
		{2EE00186-524D-4E81-A105-E424819C1680}.Debug|Any CPU.ActiveCfg = Debug|Any CPU
		{2EE00186-524D-4E81-A105-E424819C1680}.Debug|Any CPU.Build.0 = Debug|Any CPU
		{2EE00186-524D-4E81-A105-E424819C1680}.Release|Any CPU.ActiveCfg = Release|Any CPU
		{2EE00186-524D-4E81-A105-E424819C1680}.Release|Any CPU.Build.0 = Release|Any CPU
	EndGlobalSection
	GlobalSection(SolutionProperties) = preSolution
		HideSolutionNode = FALSE
	EndGlobalSection
	GlobalSection(NestedProjects) = preSolution
		{34539B99-0CED-41BD-9E25-131EB3566723} = {FA1DCAFB-56BE-4108-B7D1-9CDB285B92CD}
		{C7C900B3-6E23-4D35-B0FB-B9DF46D5BA69} = {FA1DCAFB-56BE-4108-B7D1-9CDB285B92CD}
		{CC9E5C48-5D86-4402-B225-81550387CD8D} = {FA1DCAFB-56BE-4108-B7D1-9CDB285B92CD}
		{4F6A9E69-7F5E-4E8F-8A45-25E1B69AD4B2} = {FA1DCAFB-56BE-4108-B7D1-9CDB285B92CD}
	EndGlobalSection
EndGlobal
